
Microsoft Visual Studio Solution File, Format Version 12.00
# Visual Studio Version 17
VisualStudioVersion = 17.8.34511.84
MinimumVisualStudioVersion = 10.0.40219.1
Project("{FAE04EC0-301F-11D3-BF4B-00C04F79EFBC}") = "Cat Adventure", "Cat Adventure.csproj", "{96FA0F4D-95C1-402D-94AA-6F4B72C07C2F}"
EndProject
Global
	GlobalSection(SolutionConfigurationPlatforms) = preSolution
		Debug|Any CPU = Debug|Any CPU
		Release|Any CPU = Release|Any CPU
	EndGlobalSection
	GlobalSection(ProjectConfigurationPlatforms) = postSolution
		{96FA0F4D-95C1-402D-94AA-6F4B72C07C2F}.Debug|Any CPU.ActiveCfg = Debug|Any CPU
		{96FA0F4D-95C1-402D-94AA-6F4B72C07C2F}.Debug|Any CPU.Build.0 = Debug|Any CPU
		{96FA0F4D-95C1-402D-94AA-6F4B72C07C2F}.Release|Any CPU.ActiveCfg = Release|Any CPU
		{96FA0F4D-95C1-402D-94AA-6F4B72C07C2F}.Release|Any CPU.Build.0 = Release|Any CPU
	EndGlobalSection
	GlobalSection(SolutionProperties) = preSolution
		HideSolutionNode = FALSE
	EndGlobalSection
	GlobalSection(ExtensibilityGlobals) = postSolution
		SolutionGuid = {145F8556-8A29-4B31-8692-CBC6DA8FB977}
	EndGlobalSection
EndGlobal
